// !$*UTF8*$!
{
	archiveVersion = 1;
	classes = {
	};
	objectVersion = 77;
	objects = {

/* Begin PBXContainerItemProxy section */
		B583EDB22CD1573E00DDF854 /* PBXContainerItemProxy */ = {
			isa = PBXContainerItemProxy;
			containerPortal = B583ED992CD1573D00DDF854 /* Project object */;
			proxyType = 1;
			remoteGlobalIDString = B583EDA02CD1573D00DDF854;
			remoteInfo = DragonBallZSuper;
		};
		B583EDBC2CD1573E00DDF854 /* PBXContainerItemProxy */ = {
			isa = PBXContainerItemProxy;
			containerPortal = B583ED992CD1573D00DDF854 /* Project object */;
			proxyType = 1;
			remoteGlobalIDString = B583EDA02CD1573D00DDF854;
			remoteInfo = DragonBallZSuper;
		};
/* End PBXContainerItemProxy section */

/* Begin PBXFileReference section */
		B583EDA12CD1573D00DDF854 /* DragonBallZSuper.app */ = {isa = PBXFileReference; explicitFileType = wrapper.application; includeInIndex = 0; path = DragonBallZSuper.app; sourceTree = BUILT_PRODUCTS_DIR; };
		B583EDB12CD1573E00DDF854 /* DragonBallZSuperTests.xctest */ = {isa = PBXFileReference; explicitFileType = wrapper.cfbundle; includeInIndex = 0; path = DragonBallZSuperTests.xctest; sourceTree = BUILT_PRODUCTS_DIR; };
		B583EDBB2CD1573E00DDF854 /* DragonBallZSuperUITests.xctest */ = {isa = PBXFileReference; explicitFileType = wrapper.cfbundle; includeInIndex = 0; path = DragonBallZSuperUITests.xctest; sourceTree = BUILT_PRODUCTS_DIR; };
/* End PBXFileReference section */

/* Begin PBXFileSystemSynchronizedRootGroup section */
		B583EDA32CD1573D00DDF854 /* DragonBallZSuper */ = {
			isa = PBXFileSystemSynchronizedRootGroup;
			path = DragonBallZSuper;
			sourceTree = "<group>";
		};
		B583EDB42CD1573E00DDF854 /* DragonBallZSuperTests */ = {
			isa = PBXFileSystemSynchronizedRootGroup;
			path = DragonBallZSuperTests;
			sourceTree = "<group>";
		};
		B583EDBE2CD1573E00DDF854 /* DragonBallZSuperUITests */ = {
			isa = PBXFileSystemSynchronizedRootGroup;
			path = DragonBallZSuperUITests;
			sourceTree = "<group>";
		};
/* End PBXFileSystemSynchronizedRootGroup section */

/* Begin PBXFrameworksBuildPhase section */
		B583ED9E2CD1573D00DDF854 /* Frameworks */ = {
			isa = PBXFrameworksBuildPhase;
			buildActionMask = 2147483647;
			files = (
			);
			runOnlyForDeploymentPostprocessing = 0;
		};
		B583EDAE2CD1573E00DDF854 /* Frameworks */ = {
			isa = PBXFrameworksBuildPhase;
			buildActionMask = 2147483647;
			files = (
			);
			runOnlyForDeploymentPostprocessing = 0;
		};
		B583EDB82CD1573E00DDF854 /* Frameworks */ = {
			isa = PBXFrameworksBuildPhase;
			buildActionMask = 2147483647;
			files = (
			);
			runOnlyForDeploymentPostprocessing = 0;
		};
/* End PBXFrameworksBuildPhase section */

/* Begin PBXGroup section */
		B583ED982CD1573D00DDF854 = {
			isa = PBXGroup;
			children = (
				B583EDA32CD1573D00DDF854 /* DragonBallZSuper */,
				B583EDB42CD1573E00DDF854 /* DragonBallZSuperTests */,
				B583EDBE2CD1573E00DDF854 /* DragonBallZSuperUITests */,
				B583EDA22CD1573D00DDF854 /* Products */,
			);
			sourceTree = "<group>";
		};
		B583EDA22CD1573D00DDF854 /* Products */ = {
			isa = PBXGroup;
			children = (
				B583EDA12CD1573D00DDF854 /* DragonBallZSuper.app */,
				B583EDB12CD1573E00DDF854 /* DragonBallZSuperTests.xctest */,
				B583EDBB2CD1573E00DDF854 /* DragonBallZSuperUITests.xctest */,
			);
			name = Products;
			sourceTree = "<group>";
		};
/* End PBXGroup section */

/* Begin PBXNativeTarget section */
		B583EDA02CD1573D00DDF854 /* DragonBallZSuper */ = {
			isa = PBXNativeTarget;
			buildConfigurationList = B583EDC52CD1573E00DDF854 /* Build configuration list for PBXNativeTarget "DragonBallZSuper" */;
			buildPhases = (
				B583ED9D2CD1573D00DDF854 /* Sources */,
				B583ED9E2CD1573D00DDF854 /* Frameworks */,
				B583ED9F2CD1573D00DDF854 /* Resources */,
			);
			buildRules = (
			);
			dependencies = (
			);
			fileSystemSynchronizedGroups = (
				B583EDA32CD1573D00DDF854 /* DragonBallZSuper */,
			);
			name = DragonBallZSuper;
			packageProductDependencies = (
			);
			productName = DragonBallZSuper;
			productReference = B583EDA12CD1573D00DDF854 /* DragonBallZSuper.app */;
			productType = "com.apple.product-type.application";
		};
		B583EDB02CD1573E00DDF854 /* DragonBallZSuperTests */ = {
			isa = PBXNativeTarget;
			buildConfigurationList = B583EDC82CD1573E00DDF854 /* Build configuration list for PBXNativeTarget "DragonBallZSuperTests" */;
			buildPhases = (
				B583EDAD2CD1573E00DDF854 /* Sources */,
				B583EDAE2CD1573E00DDF854 /* Frameworks */,
				B583EDAF2CD1573E00DDF854 /* Resources */,
			);
			buildRules = (
			);
			dependencies = (
				B583EDB32CD1573E00DDF854 /* PBXTargetDependency */,
			);
			fileSystemSynchronizedGroups = (
				B583EDB42CD1573E00DDF854 /* DragonBallZSuperTests */,
			);
			name = DragonBallZSuperTests;
			packageProductDependencies = (
			);
			productName = DragonBallZSuperTests;
			productReference = B583EDB12CD1573E00DDF854 /* DragonBallZSuperTests.xctest */;
			productType = "com.apple.product-type.bundle.unit-test";
		};
		B583EDBA2CD1573E00DDF854 /* DragonBallZSuperUITests */ = {
			isa = PBXNativeTarget;
			buildConfigurationList = B583EDCB2CD1573E00DDF854 /* Build configuration list for PBXNativeTarget "DragonBallZSuperUITests" */;
			buildPhases = (
				B583EDB72CD1573E00DDF854 /* Sources */,
				B583EDB82CD1573E00DDF854 /* Frameworks */,
				B583EDB92CD1573E00DDF854 /* Resources */,
			);
			buildRules = (
			);
			dependencies = (
				B583EDBD2CD1573E00DDF854 /* PBXTargetDependency */,
			);
			fileSystemSynchronizedGroups = (
				B583EDBE2CD1573E00DDF854 /* DragonBallZSuperUITests */,
			);
			name = DragonBallZSuperUITests;
			packageProductDependencies = (
			);
			productName = DragonBallZSuperUITests;
			productReference = B583EDBB2CD1573E00DDF854 /* DragonBallZSuperUITests.xctest */;
			productType = "com.apple.product-type.bundle.ui-testing";
		};
/* End PBXNativeTarget section */

/* Begin PBXProject section */
		B583ED992CD1573D00DDF854 /* Project object */ = {
			isa = PBXProject;
			attributes = {
				BuildIndependentTargetsInParallel = 1;
				LastSwiftUpdateCheck = 1600;
				LastUpgradeCheck = 1600;
				TargetAttributes = {
					B583EDA02CD1573D00DDF854 = {
						CreatedOnToolsVersion = 16.0;
					};
					B583EDB02CD1573E00DDF854 = {
						CreatedOnToolsVersion = 16.0;
						TestTargetID = B583EDA02CD1573D00DDF854;
					};
					B583EDBA2CD1573E00DDF854 = {
						CreatedOnToolsVersion = 16.0;
						TestTargetID = B583EDA02CD1573D00DDF854;
					};
				};
			};
			buildConfigurationList = B583ED9C2CD1573D00DDF854 /* Build configuration list for PBXProject "DragonBallZSuper" */;
			developmentRegion = en;
			hasScannedForEncodings = 0;
			knownRegions = (
				en,
				Base,
			);
			mainGroup = B583ED982CD1573D00DDF854;
			minimizedProjectReferenceProxies = 1;
			preferredProjectObjectVersion = 77;
			productRefGroup = B583EDA22CD1573D00DDF854 /* Products */;
			projectDirPath = "";
			projectRoot = "";
			targets = (
				B583EDA02CD1573D00DDF854 /* DragonBallZSuper */,
				B583EDB02CD1573E00DDF854 /* DragonBallZSuperTests */,
				B583EDBA2CD1573E00DDF854 /* DragonBallZSuperUITests */,
			);
		};
/* End PBXProject section */

/* Begin PBXResourcesBuildPhase section */
		B583ED9F2CD1573D00DDF854 /* Resources */ = {
			isa = PBXResourcesBuildPhase;
			buildActionMask = 2147483647;
			files = (
			);
			runOnlyForDeploymentPostprocessing = 0;
		};
		B583EDAF2CD1573E00DDF854 /* Resources */ = {
			isa = PBXResourcesBuildPhase;
			buildActionMask = 2147483647;
			files = (
			);
			runOnlyForDeploymentPostprocessing = 0;
		};
		B583EDB92CD1573E00DDF854 /* Resources */ = {
			isa = PBXResourcesBuildPhase;
			buildActionMask = 2147483647;
			files = (
			);
			runOnlyForDeploymentPostprocessing = 0;
		};
/* End PBXResourcesBuildPhase section */

/* Begin PBXSourcesBuildPhase section */
		B583ED9D2CD1573D00DDF854 /* Sources */ = {
			isa = PBXSourcesBuildPhase;
			buildActionMask = 2147483647;
			files = (
			);
			runOnlyForDeploymentPostprocessing = 0;
		};
		B583EDAD2CD1573E00DDF854 /* Sources */ = {
			isa = PBXSourcesBuildPhase;
			buildActionMask = 2147483647;
			files = (
			);
			runOnlyForDeploymentPostprocessing = 0;
		};
		B583EDB72CD1573E00DDF854 /* Sources */ = {
			isa = PBXSourcesBuildPhase;
			buildActionMask = 2147483647;
			files = (
			);
			runOnlyForDeploymentPostprocessing = 0;
		};
/* End PBXSourcesBuildPhase section */

/* Begin PBXTargetDependency section */
		B583EDB32CD1573E00DDF854 /* PBXTargetDependency */ = {
			isa = PBXTargetDependency;
			target = B583EDA02CD1573D00DDF854 /* DragonBallZSuper */;
			targetProxy = B583EDB22CD1573E00DDF854 /* PBXContainerItemProxy */;
		};
		B583EDBD2CD1573E00DDF854 /* PBXTargetDependency */ = {
			isa = PBXTargetDependency;
			target = B583EDA02CD1573D00DDF854 /* DragonBallZSuper */;
			targetProxy = B583EDBC2CD1573E00DDF854 /* PBXContainerItemProxy */;
		};
/* End PBXTargetDependency section */

/* Begin XCBuildConfiguration section */
		B583EDC32CD1573E00DDF854 /* Debug */ = {
			isa = XCBuildConfiguration;
			buildSettings = {
				ALWAYS_SEARCH_USER_PATHS = NO;
				ASSETCATALOG_COMPILER_GENERATE_SWIFT_ASSET_SYMBOL_EXTENSIONS = YES;
				CLANG_ANALYZER_NONNULL = YES;
				CLANG_ANALYZER_NUMBER_OBJECT_CONVERSION = YES_AGGRESSIVE;
				CLANG_CXX_LANGUAGE_STANDARD = "gnu++20";
				CLANG_ENABLE_MODULES = YES;
				CLANG_ENABLE_OBJC_ARC = YES;
				CLANG_ENABLE_OBJC_WEAK = YES;
				CLANG_WARN_BLOCK_CAPTURE_AUTORELEASING = YES;
				CLANG_WARN_BOOL_CONVERSION = YES;
				CLANG_WARN_COMMA = YES;
				CLANG_WARN_CONSTANT_CONVERSION = YES;
				CLANG_WARN_DEPRECATED_OBJC_IMPLEMENTATIONS = YES;
				CLANG_WARN_DIRECT_OBJC_ISA_USAGE = YES_ERROR;
				CLANG_WARN_DOCUMENTATION_COMMENTS = YES;
				CLANG_WARN_EMPTY_BODY = YES;
				CLANG_WARN_ENUM_CONVERSION = YES;
				CLANG_WARN_INFINITE_RECURSION = YES;
				CLANG_WARN_INT_CONVERSION = YES;
				CLANG_WARN_NON_LITERAL_NULL_CONVERSION = YES;
				CLANG_WARN_OBJC_IMPLICIT_RETAIN_SELF = YES;
				CLANG_WARN_OBJC_LITERAL_CONVERSION = YES;
				CLANG_WARN_OBJC_ROOT_CLASS = YES_ERROR;
				CLANG_WARN_QUOTED_INCLUDE_IN_FRAMEWORK_HEADER = YES;
				CLANG_WARN_RANGE_LOOP_ANALYSIS = YES;
				CLANG_WARN_STRICT_PROTOTYPES = YES;
				CLANG_WARN_SUSPICIOUS_MOVE = YES;
				CLANG_WARN_UNGUARDED_AVAILABILITY = YES_AGGRESSIVE;
				CLANG_WARN_UNREACHABLE_CODE = YES;
				CLANG_WARN__DUPLICATE_METHOD_MATCH = YES;
				COPY_PHASE_STRIP = NO;
				DEBUG_INFORMATION_FORMAT = dwarf;
				ENABLE_STRICT_OBJC_MSGSEND = YES;
				ENABLE_TESTABILITY = YES;
				ENABLE_USER_SCRIPT_SANDBOXING = YES;
				GCC_C_LANGUAGE_STANDARD = gnu17;
				GCC_DYNAMIC_NO_PIC = NO;
				GCC_NO_COMMON_BLOCKS = YES;
				GCC_OPTIMIZATION_LEVEL = 0;
				GCC_PREPROCESSOR_DEFINITIONS = (
					"DEBUG=1",
					"$(inherited)",
				);
				GCC_WARN_64_TO_32_BIT_CONVERSION = YES;
				GCC_WARN_ABOUT_RETURN_TYPE = YES_ERROR;
				GCC_WARN_UNDECLARED_SELECTOR = YES;
				GCC_WARN_UNINITIALIZED_AUTOS = YES_AGGRESSIVE;
				GCC_WARN_UNUSED_FUNCTION = YES;
				GCC_WARN_UNUSED_VARIABLE = YES;
				IPHONEOS_DEPLOYMENT_TARGET = 18.0;
				LOCALIZATION_PREFERS_STRING_CATALOGS = YES;
				MTL_ENABLE_DEBUG_INFO = INCLUDE_SOURCE;
				MTL_FAST_MATH = YES;
				ONLY_ACTIVE_ARCH = YES;
				SDKROOT = iphoneos;
				SWIFT_ACTIVE_COMPILATION_CONDITIONS = "DEBUG $(inherited)";
				SWIFT_OPTIMIZATION_LEVEL = "-Onone";
			};
			name = Debug;
		};
		B583EDC42CD1573E00DDF854 /* Release */ = {
			isa = XCBuildConfiguration;
			buildSettings = {
				ALWAYS_SEARCH_USER_PATHS = NO;
				ASSETCATALOG_COMPILER_GENERATE_SWIFT_ASSET_SYMBOL_EXTENSIONS = YES;
				CLANG_ANALYZER_NONNULL = YES;
				CLANG_ANALYZER_NUMBER_OBJECT_CONVERSION = YES_AGGRESSIVE;
				CLANG_CXX_LANGUAGE_STANDARD = "gnu++20";
				CLANG_ENABLE_MODULES = YES;
				CLANG_ENABLE_OBJC_ARC = YES;
				CLANG_ENABLE_OBJC_WEAK = YES;
				CLANG_WARN_BLOCK_CAPTURE_AUTORELEASING = YES;
				CLANG_WARN_BOOL_CONVERSION = YES;
				CLANG_WARN_COMMA = YES;
				CLANG_WARN_CONSTANT_CONVERSION = YES;
				CLANG_WARN_DEPRECATED_OBJC_IMPLEMENTATIONS = YES;
				CLANG_WARN_DIRECT_OBJC_ISA_USAGE = YES_ERROR;
				CLANG_WARN_DOCUMENTATION_COMMENTS = YES;
				CLANG_WARN_EMPTY_BODY = YES;
				CLANG_WARN_ENUM_CONVERSION = YES;
				CLANG_WARN_INFINITE_RECURSION = YES;
				CLANG_WARN_INT_CONVERSION = YES;
				CLANG_WARN_NON_LITERAL_NULL_CONVERSION = YES;
				CLANG_WARN_OBJC_IMPLICIT_RETAIN_SELF = YES;
				CLANG_WARN_OBJC_LITERAL_CONVERSION = YES;
				CLANG_WARN_OBJC_ROOT_CLASS = YES_ERROR;
				CLANG_WARN_QUOTED_INCLUDE_IN_FRAMEWORK_HEADER = YES;
				CLANG_WARN_RANGE_LOOP_ANALYSIS = YES;
				CLANG_WARN_STRICT_PROTOTYPES = YES;
				CLANG_WARN_SUSPICIOUS_MOVE = YES;
				CLANG_WARN_UNGUARDED_AVAILABILITY = YES_AGGRESSIVE;
				CLANG_WARN_UNREACHABLE_CODE = YES;
				CLANG_WARN__DUPLICATE_METHOD_MATCH = YES;
				COPY_PHASE_STRIP = NO;
				DEBUG_INFORMATION_FORMAT = "dwarf-with-dsym";
				ENABLE_NS_ASSERTIONS = NO;
				ENABLE_STRICT_OBJC_MSGSEND = YES;
				ENABLE_USER_SCRIPT_SANDBOXING = YES;
				GCC_C_LANGUAGE_STANDARD = gnu17;
				GCC_NO_COMMON_BLOCKS = YES;
				GCC_WARN_64_TO_32_BIT_CONVERSION = YES;
				GCC_WARN_ABOUT_RETURN_TYPE = YES_ERROR;
				GCC_WARN_UNDECLARED_SELECTOR = YES;
				GCC_WARN_UNINITIALIZED_AUTOS = YES_AGGRESSIVE;
				GCC_WARN_UNUSED_FUNCTION = YES;
				GCC_WARN_UNUSED_VARIABLE = YES;
				IPHONEOS_DEPLOYMENT_TARGET = 18.0;
				LOCALIZATION_PREFERS_STRING_CATALOGS = YES;
				MTL_ENABLE_DEBUG_INFO = NO;
				MTL_FAST_MATH = YES;
				SDKROOT = iphoneos;
				SWIFT_COMPILATION_MODE = wholemodule;
				VALIDATE_PRODUCT = YES;
			};
			name = Release;
		};
		B583EDC62CD1573E00DDF854 /* Debug */ = {
			isa = XCBuildConfiguration;
			buildSettings = {
				ASSETCATALOG_COMPILER_APPICON_NAME = AppIcon;
				ASSETCATALOG_COMPILER_GLOBAL_ACCENT_COLOR_NAME = AccentColor;
				CODE_SIGN_STYLE = Automatic;
				CURRENT_PROJECT_VERSION = 1;
				DEVELOPMENT_ASSET_PATHS = "\"DragonBallZSuper/Preview Content\"";
				DEVELOPMENT_TEAM = 6Z9KF549N5;
				ENABLE_PREVIEWS = YES;
				GENERATE_INFOPLIST_FILE = YES;
				INFOPLIST_KEY_UIApplicationSceneManifest_Generation = YES;
				INFOPLIST_KEY_UIApplicationSupportsIndirectInputEvents = YES;
				INFOPLIST_KEY_UILaunchScreen_Generation = YES;
				INFOPLIST_KEY_UISupportedInterfaceOrientations_iPad = "UIInterfaceOrientationPortrait UIInterfaceOrientationPortraitUpsideDown UIInterfaceOrientationLandscapeLeft UIInterfaceOrientationLandscapeRight";
				INFOPLIST_KEY_UISupportedInterfaceOrientations_iPhone = "UIInterfaceOrientationPortrait UIInterfaceOrientationLandscapeLeft UIInterfaceOrientationLandscapeRight";
				LD_RUNPATH_SEARCH_PATHS = (
					"$(inherited)",
					"@executable_path/Frameworks",
				);
				MARKETING_VERSION = 1.0;
				PRODUCT_BUNDLE_IDENTIFIER = com.Alfonso.DragonBallZSuper;
				PRODUCT_NAME = "$(TARGET_NAME)";
				SWIFT_EMIT_LOC_STRINGS = YES;
				SWIFT_VERSION = 5.0;
				TARGETED_DEVICE_FAMILY = "1,2";
			};
			name = Debug;
		};
		B583EDC72CD1573E00DDF854 /* Release */ = {
			isa = XCBuildConfiguration;
			buildSettings = {
				ASSETCATALOG_COMPILER_APPICON_NAME = AppIcon;
				ASSETCATALOG_COMPILER_GLOBAL_ACCENT_COLOR_NAME = AccentColor;
				CODE_SIGN_STYLE = Automatic;
				CURRENT_PROJECT_VERSION = 1;
				DEVELOPMENT_ASSET_PATHS = "\"DragonBallZSuper/Preview Content\"";
				DEVELOPMENT_TEAM = 6Z9KF549N5;
				ENABLE_PREVIEWS = YES;
				GENERATE_INFOPLIST_FILE = YES;
				INFOPLIST_KEY_UIApplicationSceneManifest_Generation = YES;
				INFOPLIST_KEY_UIApplicationSupportsIndirectInputEvents = YES;
				INFOPLIST_KEY_UILaunchScreen_Generation = YES;
				INFOPLIST_KEY_UISupportedInterfaceOrientations_iPad = "UIInterfaceOrientationPortrait UIInterfaceOrientationPortraitUpsideDown UIInterfaceOrientationLandscapeLeft UIInterfaceOrientationLandscapeRight";
				INFOPLIST_KEY_UISupportedInterfaceOrientations_iPhone = "UIInterfaceOrientationPortrait UIInterfaceOrientationLandscapeLeft UIInterfaceOrientationLandscapeRight";
				LD_RUNPATH_SEARCH_PATHS = (
					"$(inherited)",
					"@executable_path/Frameworks",
				);
				MARKETING_VERSION = 1.0;
				PRODUCT_BUNDLE_IDENTIFIER = com.Alfonso.DragonBallZSuper;
				PRODUCT_NAME = "$(TARGET_NAME)";
				SWIFT_EMIT_LOC_STRINGS = YES;
				SWIFT_VERSION = 5.0;
				TARGETED_DEVICE_FAMILY = "1,2";
			};
			name = Release;
		};
		B583EDC92CD1573E00DDF854 /* Debug */ = {
			isa = XCBuildConfiguration;
			buildSettings = {
				BUNDLE_LOADER = "$(TEST_HOST)";
				CODE_SIGN_STYLE = Automatic;
				CURRENT_PROJECT_VERSION = 1;
				DEVELOPMENT_TEAM = 6Z9KF549N5;
				GENERATE_INFOPLIST_FILE = YES;
				IPHONEOS_DEPLOYMENT_TARGET = 18.0;
				MARKETING_VERSION = 1.0;
				PRODUCT_BUNDLE_IDENTIFIER = com.Alfonso.DragonBallZSuperTests;
				PRODUCT_NAME = "$(TARGET_NAME)";
				SWIFT_EMIT_LOC_STRINGS = NO;
				SWIFT_VERSION = 5.0;
				TARGETED_DEVICE_FAMILY = "1,2";
				TEST_HOST = "$(BUILT_PRODUCTS_DIR)/DragonBallZSuper.app/$(BUNDLE_EXECUTABLE_FOLDER_PATH)/DragonBallZSuper";
			};
			name = Debug;
		};
		B583EDCA2CD1573E00DDF854 /* Release */ = {
			isa = XCBuildConfiguration;
			buildSettings = {
				BUNDLE_LOADER = "$(TEST_HOST)";
				CODE_SIGN_STYLE = Automatic;
				CURRENT_PROJECT_VERSION = 1;
				DEVELOPMENT_TEAM = 6Z9KF549N5;
				GENERATE_INFOPLIST_FILE = YES;
				IPHONEOS_DEPLOYMENT_TARGET = 18.0;
				MARKETING_VERSION = 1.0;
				PRODUCT_BUNDLE_IDENTIFIER = com.Alfonso.DragonBallZSuperTests;
				PRODUCT_NAME = "$(TARGET_NAME)";
				SWIFT_EMIT_LOC_STRINGS = NO;
				SWIFT_VERSION = 5.0;
				TARGETED_DEVICE_FAMILY = "1,2";
				TEST_HOST = "$(BUILT_PRODUCTS_DIR)/DragonBallZSuper.app/$(BUNDLE_EXECUTABLE_FOLDER_PATH)/DragonBallZSuper";
			};
			name = Release;
		};
		B583EDCC2CD1573E00DDF854 /* Debug */ = {
			isa = XCBuildConfiguration;
			buildSettings = {
				CODE_SIGN_STYLE = Automatic;
				CURRENT_PROJECT_VERSION = 1;
				DEVELOPMENT_TEAM = 6Z9KF549N5;
				GENERATE_INFOPLIST_FILE = YES;
				MARKETING_VERSION = 1.0;
				PRODUCT_BUNDLE_IDENTIFIER = com.Alfonso.DragonBallZSuperUITests;
				PRODUCT_NAME = "$(TARGET_NAME)";
				SWIFT_EMIT_LOC_STRINGS = NO;
				SWIFT_VERSION = 5.0;
				TARGETED_DEVICE_FAMILY = "1,2";
				TEST_TARGET_NAME = DragonBallZSuper;
			};
			name = Debug;
		};
		B583EDCD2CD1573E00DDF854 /* Release */ = {
			isa = XCBuildConfiguration;
			buildSettings = {
				CODE_SIGN_STYLE = Automatic;
				CURRENT_PROJECT_VERSION = 1;
				DEVELOPMENT_TEAM = 6Z9KF549N5;
				GENERATE_INFOPLIST_FILE = YES;
				MARKETING_VERSION = 1.0;
				PRODUCT_BUNDLE_IDENTIFIER = com.Alfonso.DragonBallZSuperUITests;
				PRODUCT_NAME = "$(TARGET_NAME)";
				SWIFT_EMIT_LOC_STRINGS = NO;
				SWIFT_VERSION = 5.0;
				TARGETED_DEVICE_FAMILY = "1,2";
				TEST_TARGET_NAME = DragonBallZSuper;
			};
			name = Release;
		};
/* End XCBuildConfiguration section */

/* Begin XCConfigurationList section */
		B583ED9C2CD1573D00DDF854 /* Build configuration list for PBXProject "DragonBallZSuper" */ = {
			isa = XCConfigurationList;
			buildConfigurations = (
				B583EDC32CD1573E00DDF854 /* Debug */,
				B583EDC42CD1573E00DDF854 /* Release */,
			);
			defaultConfigurationIsVisible = 0;
			defaultConfigurationName = Release;
		};
		B583EDC52CD1573E00DDF854 /* Build configuration list for PBXNativeTarget "DragonBallZSuper" */ = {
			isa = XCConfigurationList;
			buildConfigurations = (
				B583EDC62CD1573E00DDF854 /* Debug */,
				B583EDC72CD1573E00DDF854 /* Release */,
			);
			defaultConfigurationIsVisible = 0;
			defaultConfigurationName = Release;
		};
		B583EDC82CD1573E00DDF854 /* Build configuration list for PBXNativeTarget "DragonBallZSuperTests" */ = {
			isa = XCConfigurationList;
			buildConfigurations = (
				B583EDC92CD1573E00DDF854 /* Debug */,
				B583EDCA2CD1573E00DDF854 /* Release */,
			);
			defaultConfigurationIsVisible = 0;
			defaultConfigurationName = Release;
		};
		B583EDCB2CD1573E00DDF854 /* Build configuration list for PBXNativeTarget "DragonBallZSuperUITests" */ = {
			isa = XCConfigurationList;
			buildConfigurations = (
				B583EDCC2CD1573E00DDF854 /* Debug */,
				B583EDCD2CD1573E00DDF854 /* Release */,
			);
			defaultConfigurationIsVisible = 0;
			defaultConfigurationName = Release;
		};
/* End XCConfigurationList section */
	};
	rootObject = B583ED992CD1573D00DDF854 /* Project object */;
}
